
Microsoft Visual Studio Solution File, Format Version 12.00
# Visual Studio 15
VisualStudioVersion = 15.0.27428.2002
MinimumVisualStudioVersion = 10.0.40219.1
Project("{FAE04EC0-301F-11D3-BF4B-00C04F79EFBC}") = "RockPaperScissors", "RockPaperScissors\RockPaperScissors.csproj", "{4064B33D-8E60-4F6A-B45A-E3E1187FF0F9}"
EndProject
Global
	GlobalSection(SolutionConfigurationPlatforms) = preSolution
		Debug|Any CPU = Debug|Any CPU
		Release|Any CPU = Release|Any CPU
	EndGlobalSection
	GlobalSection(ProjectConfigurationPlatforms) = postSolution
		{4064B33D-8E60-4F6A-B45A-E3E1187FF0F9}.Debug|Any CPU.ActiveCfg = Debug|Any CPU
		{4064B33D-8E60-4F6A-B45A-E3E1187FF0F9}.Debug|Any CPU.Build.0 = Debug|Any CPU
		{4064B33D-8E60-4F6A-B45A-E3E1187FF0F9}.Release|Any CPU.ActiveCfg = Release|Any CPU
		{4064B33D-8E60-4F6A-B45A-E3E1187FF0F9}.Release|Any CPU.Build.0 = Release|Any CPU
	EndGlobalSection
	GlobalSection(SolutionProperties) = preSolution
		HideSolutionNode = FALSE
	EndGlobalSection
	GlobalSection(ExtensibilityGlobals) = postSolution
		SolutionGuid = {876715F4-1457-43F1-BF24-7E9A71793F3B}
	EndGlobalSection
EndGlobal
